
Microsoft Visual Studio Solution File, Format Version 12.00
# Visual Studio 16
Project("{FAE04EC0-301F-11D3-BF4B-00C04F79EFBC}") = "Assembly-CSharp", "Assembly-CSharp.csproj", "{1234A128-83E8-D78D-4F73-9AD55AD2C983}"
EndProject
Project("{FAE04EC0-301F-11D3-BF4B-00C04F79EFBC}") = "Assembly-CSharp-Editor", "Assembly-CSharp-Editor.csproj", "{870B7727-B006-889E-5DB1-6F806A95FF25}"
EndProject
Global
	GlobalSection(SolutionConfigurationPlatforms) = preSolution
		Debug|Any CPU = Debug|Any CPU
		Release|Any CPU = Release|Any CPU
	EndGlobalSection
	GlobalSection(ProjectConfigurationPlatforms) = postSolution
		{1234A128-83E8-D78D-4F73-9AD55AD2C983}.Debug|Any CPU.ActiveCfg = Debug|Any CPU
		{1234A128-83E8-D78D-4F73-9AD55AD2C983}.Debug|Any CPU.Build.0 = Debug|Any CPU
		{1234A128-83E8-D78D-4F73-9AD55AD2C983}.Release|Any CPU.ActiveCfg = Release|Any CPU
		{1234A128-83E8-D78D-4F73-9AD55AD2C983}.Release|Any CPU.Build.0 = Release|Any CPU
		{870B7727-B006-889E-5DB1-6F806A95FF25}.Debug|Any CPU.ActiveCfg = Debug|Any CPU
		{870B7727-B006-889E-5DB1-6F806A95FF25}.Debug|Any CPU.Build.0 = Debug|Any CPU
		{870B7727-B006-889E-5DB1-6F806A95FF25}.Release|Any CPU.ActiveCfg = Release|Any CPU
		{870B7727-B006-889E-5DB1-6F806A95FF25}.Release|Any CPU.Build.0 = Release|Any CPU
	EndGlobalSection
	GlobalSection(SolutionProperties) = preSolution
		HideSolutionNode = FALSE
	EndGlobalSection
EndGlobal
